
Microsoft Visual Studio Solution File, Format Version 12.00
# Visual Studio Version 17
VisualStudioVersion = 17.11.35312.102
MinimumVisualStudioVersion = 10.0.40219.1
Project("{FAE04EC0-301F-11D3-BF4B-00C04F79EFBC}") = "HomeworkZad4", "HomeworkZad4\HomeworkZad4.csproj", "{D6EF48FE-B7D5-457B-8103-AC578643F379}"
EndProject
Global
	GlobalSection(SolutionConfigurationPlatforms) = preSolution
		Debug|Any CPU = Debug|Any CPU
		Release|Any CPU = Release|Any CPU
	EndGlobalSection
	GlobalSection(ProjectConfigurationPlatforms) = postSolution
		{D6EF48FE-B7D5-457B-8103-AC578643F379}.Debug|Any CPU.ActiveCfg = Debug|Any CPU
		{D6EF48FE-B7D5-457B-8103-AC578643F379}.Debug|Any CPU.Build.0 = Debug|Any CPU
		{D6EF48FE-B7D5-457B-8103-AC578643F379}.Release|Any CPU.ActiveCfg = Release|Any CPU
		{D6EF48FE-B7D5-457B-8103-AC578643F379}.Release|Any CPU.Build.0 = Release|Any CPU
	EndGlobalSection
	GlobalSection(SolutionProperties) = preSolution
		HideSolutionNode = FALSE
	EndGlobalSection
	GlobalSection(ExtensibilityGlobals) = postSolution
		SolutionGuid = {88DD4602-1362-4033-85F0-201401B21E1C}
	EndGlobalSection
EndGlobal
